
Microsoft Visual Studio Solution File, Format Version 12.00
# Visual Studio Version 17
VisualStudioVersion = 17.5.33627.172
MinimumVisualStudioVersion = 10.0.40219.1
Project("{FAE04EC0-301F-11D3-BF4B-00C04F79EFBC}") = "CRUV", "CRUV.csproj", "{06DBF398-9BEA-472B-9F18-65B9C124918B}"
EndProject
Global
	GlobalSection(SolutionConfigurationPlatforms) = preSolution
		Debug|Any CPU = Debug|Any CPU
		Release|Any CPU = Release|Any CPU
	EndGlobalSection
	GlobalSection(ProjectConfigurationPlatforms) = postSolution
		{06DBF398-9BEA-472B-9F18-65B9C124918B}.Debug|Any CPU.ActiveCfg = Debug|Any CPU
		{06DBF398-9BEA-472B-9F18-65B9C124918B}.Debug|Any CPU.Build.0 = Debug|Any CPU
		{06DBF398-9BEA-472B-9F18-65B9C124918B}.Release|Any CPU.ActiveCfg = Release|Any CPU
		{06DBF398-9BEA-472B-9F18-65B9C124918B}.Release|Any CPU.Build.0 = Release|Any CPU
	EndGlobalSection
	GlobalSection(SolutionProperties) = preSolution
		HideSolutionNode = FALSE
	EndGlobalSection
	GlobalSection(ExtensibilityGlobals) = postSolution
		SolutionGuid = {4921B124-3BF0-4653-9EDC-E9FD34C2EB74}
	EndGlobalSection
EndGlobal
